
Microsoft Visual Studio Solution File, Format Version 12.00
# Visual Studio Version 17
VisualStudioVersion = 17.0.31919.166
MinimumVisualStudioVersion = 10.0.40219.1
Project("{2150E333-8FDC-42A3-9474-1A3956D46DE8}") = ".Solution Items", ".Solution Items", "{382C5C04-A34D-4C81-83D7-584C85FB9356}"
	ProjectSection(SolutionItems) = preProject
		.editorconfig = .editorconfig
		.gitattributes = .gitattributes
		.gitignore = .gitignore
		Directory.Build.props = Directory.Build.props
		Directory.Build.targets = Directory.Build.targets
		README.md = README.md
		Tests.props = Tests.props
	EndProjectSection
EndProject
Project("{9A19103F-16F7-4668-BE54-9A1E7A4F7556}") = "Authorization.AspNetCore", "src\Authorization.AspNetCore\Authorization.AspNetCore.csproj", "{7A71AF0D-FE5F-4607-A6F6-960FD98CF840}"
EndProject
Project("{9A19103F-16F7-4668-BE54-9A1E7A4F7556}") = "Authorization.AspNetCore.Tests", "tests\Authorization.AspNetCore.Tests\Authorization.AspNetCore.Tests.csproj", "{741DEEE6-FD0B-4F99-8A6F-43584B3E8D5F}"
EndProject
Project("{2150E333-8FDC-42A3-9474-1A3956D46DE8}") = "Tests", "Tests", "{BBD07745-C962-4D2D-B302-6DA1BCC2FF43}"
EndProject
Project("{2150E333-8FDC-42A3-9474-1A3956D46DE8}") = ".github", ".github", "{592C7A03-4F0C-40C2-86F9-C7A4E03504A7}"
	ProjectSection(SolutionItems) = preProject
		.github\codecov.yml = .github\codecov.yml
		.github\dependabot.yml = .github\dependabot.yml
		.github\labeler.yml = .github\labeler.yml
	EndProjectSection
EndProject
Project("{2150E333-8FDC-42A3-9474-1A3956D46DE8}") = "workflows", "workflows", "{17945A3F-4C80-43B3-BBD7-6FE0EA107799}"
	ProjectSection(SolutionItems) = preProject
		.github\workflows\build.yml = .github\workflows\build.yml
		.github\workflows\codeql-analysis.yml = .github\workflows\codeql-analysis.yml
		.github\workflows\label.yml = .github\workflows\label.yml
		.github\workflows\publish.yml = .github\workflows\publish.yml
		.github\workflows\test.yml = .github\workflows\test.yml
		.github\workflows\wipcheck.yml = .github\workflows\wipcheck.yml
	EndProjectSection
EndProject
Project("{9A19103F-16F7-4668-BE54-9A1E7A4F7556}") = "ApiApprovalTests", "tests\ApiApprovalTests\ApiApprovalTests.csproj", "{9F1A96BC-FF87-427F-8284-5A0670CA596C}"
EndProject
Global
	GlobalSection(SolutionConfigurationPlatforms) = preSolution
		Debug|Any CPU = Debug|Any CPU
		Release|Any CPU = Release|Any CPU
	EndGlobalSection
	GlobalSection(ProjectConfigurationPlatforms) = postSolution
		{7A71AF0D-FE5F-4607-A6F6-960FD98CF840}.Debug|Any CPU.ActiveCfg = Debug|Any CPU
		{7A71AF0D-FE5F-4607-A6F6-960FD98CF840}.Debug|Any CPU.Build.0 = Debug|Any CPU
		{7A71AF0D-FE5F-4607-A6F6-960FD98CF840}.Release|Any CPU.ActiveCfg = Release|Any CPU
		{7A71AF0D-FE5F-4607-A6F6-960FD98CF840}.Release|Any CPU.Build.0 = Release|Any CPU
		{741DEEE6-FD0B-4F99-8A6F-43584B3E8D5F}.Debug|Any CPU.ActiveCfg = Debug|Any CPU
		{741DEEE6-FD0B-4F99-8A6F-43584B3E8D5F}.Debug|Any CPU.Build.0 = Debug|Any CPU
		{741DEEE6-FD0B-4F99-8A6F-43584B3E8D5F}.Release|Any CPU.ActiveCfg = Release|Any CPU
		{741DEEE6-FD0B-4F99-8A6F-43584B3E8D5F}.Release|Any CPU.Build.0 = Release|Any CPU
		{9F1A96BC-FF87-427F-8284-5A0670CA596C}.Debug|Any CPU.ActiveCfg = Debug|Any CPU
		{9F1A96BC-FF87-427F-8284-5A0670CA596C}.Debug|Any CPU.Build.0 = Debug|Any CPU
		{9F1A96BC-FF87-427F-8284-5A0670CA596C}.Release|Any CPU.ActiveCfg = Release|Any CPU
		{9F1A96BC-FF87-427F-8284-5A0670CA596C}.Release|Any CPU.Build.0 = Release|Any CPU
	EndGlobalSection
	GlobalSection(SolutionProperties) = preSolution
		HideSolutionNode = FALSE
	EndGlobalSection
	GlobalSection(NestedProjects) = preSolution
		{741DEEE6-FD0B-4F99-8A6F-43584B3E8D5F} = {BBD07745-C962-4D2D-B302-6DA1BCC2FF43}
		{17945A3F-4C80-43B3-BBD7-6FE0EA107799} = {592C7A03-4F0C-40C2-86F9-C7A4E03504A7}
		{9F1A96BC-FF87-427F-8284-5A0670CA596C} = {BBD07745-C962-4D2D-B302-6DA1BCC2FF43}
	EndGlobalSection
	GlobalSection(ExtensibilityGlobals) = postSolution
		SolutionGuid = {3FC7FA59-E938-453C-8C4A-9D5635A9489A}
	EndGlobalSection
EndGlobal
