
Microsoft Visual Studio Solution File, Format Version 12.00
# Visual Studio 15
VisualStudioVersion = 15.0.27130.2026
MinimumVisualStudioVersion = 10.0.40219.1
Project("{2150E333-8FDC-42A3-9474-1A3956D46DE8}") = "samples", "samples", "{DD6938E1-E98D-4BD4-9882-FE1CE79F7306}"
EndProject
Project("{9A19103F-16F7-4668-BE54-9A1E7A4F7556}") = "WebSockets", "src\WebSockets\WebSockets.csproj", "{4DF1CB8E-30AA-4281-9056-D49FDBF4C496}"
EndProject
Project("{9A19103F-16F7-4668-BE54-9A1E7A4F7556}") = "Samples.Schemas.Chat", "samples\Samples.Schemas.Chat\Samples.Schemas.Chat.csproj", "{EB56A378-89E5-4425-BFA6-6BA0F4A67432}"
EndProject
Project("{9A19103F-16F7-4668-BE54-9A1E7A4F7556}") = "Samples.Server", "samples\Samples.Server\Samples.Server.csproj", "{85FBD882-AC9F-419F-95ED-42BBBC199CC2}"
EndProject
Project("{2150E333-8FDC-42A3-9474-1A3956D46DE8}") = "build", "build", "{0FD61587-8BE6-4C62-9E3A-0B977AA42CA2}"
	ProjectSection(SolutionItems) = preProject
		appveyor.yml = appveyor.yml
		build.cake = build.cake
		global.json = global.json
		nuget.config = nuget.config
	EndProjectSection
EndProject
Project("{2150E333-8FDC-42A3-9474-1A3956D46DE8}") = "Solution Items", "Solution Items", "{382C5C04-A34D-4C81-83D7-584C85FB9356}"
	ProjectSection(SolutionItems) = preProject
		README.md = README.md
	EndProjectSection
EndProject
Project("{9A19103F-16F7-4668-BE54-9A1E7A4F7556}") = "AspNetCore", "src\AspNetCore\AspNetCore.csproj", "{77231A45-EB53-4548-A9A6-D2F6891E32F9}"
EndProject
Project("{9A19103F-16F7-4668-BE54-9A1E7A4F7556}") = "WebSockets.Tests", "tests\WebSockets.Tests\WebSockets.Tests.csproj", "{63AF8BD1-95F4-4443-9C30-891E3DBEB7AE}"
EndProject
Project("{9A19103F-16F7-4668-BE54-9A1E7A4F7556}") = "Ui.Playground", "src\Ui.Playground\Ui.Playground.csproj", "{C6DA4A1C-867A-4633-B15B-12A2EEE9F405}"
EndProject
Project("{9A19103F-16F7-4668-BE54-9A1E7A4F7556}") = "GraphQL.Server.Ui.GraphiQL", "src\GraphQL.Server.AspNetCore.GraphiQL\GraphQL.Server.Ui.GraphiQL.csproj", "{B83414A2-F9E3-44CC-982F-5D830F54BED3}"
EndProject
Global
	GlobalSection(SolutionConfigurationPlatforms) = preSolution
		Debug|Any CPU = Debug|Any CPU
		Release|Any CPU = Release|Any CPU
	EndGlobalSection
	GlobalSection(ProjectConfigurationPlatforms) = postSolution
		{4DF1CB8E-30AA-4281-9056-D49FDBF4C496}.Debug|Any CPU.ActiveCfg = Debug|Any CPU
		{4DF1CB8E-30AA-4281-9056-D49FDBF4C496}.Debug|Any CPU.Build.0 = Debug|Any CPU
		{4DF1CB8E-30AA-4281-9056-D49FDBF4C496}.Release|Any CPU.ActiveCfg = Release|Any CPU
		{4DF1CB8E-30AA-4281-9056-D49FDBF4C496}.Release|Any CPU.Build.0 = Release|Any CPU
		{EB56A378-89E5-4425-BFA6-6BA0F4A67432}.Debug|Any CPU.ActiveCfg = Debug|Any CPU
		{EB56A378-89E5-4425-BFA6-6BA0F4A67432}.Debug|Any CPU.Build.0 = Debug|Any CPU
		{EB56A378-89E5-4425-BFA6-6BA0F4A67432}.Release|Any CPU.ActiveCfg = Release|Any CPU
		{EB56A378-89E5-4425-BFA6-6BA0F4A67432}.Release|Any CPU.Build.0 = Release|Any CPU
		{85FBD882-AC9F-419F-95ED-42BBBC199CC2}.Debug|Any CPU.ActiveCfg = Debug|Any CPU
		{85FBD882-AC9F-419F-95ED-42BBBC199CC2}.Debug|Any CPU.Build.0 = Debug|Any CPU
		{85FBD882-AC9F-419F-95ED-42BBBC199CC2}.Release|Any CPU.ActiveCfg = Release|Any CPU
		{85FBD882-AC9F-419F-95ED-42BBBC199CC2}.Release|Any CPU.Build.0 = Release|Any CPU
		{77231A45-EB53-4548-A9A6-D2F6891E32F9}.Debug|Any CPU.ActiveCfg = Debug|Any CPU
		{77231A45-EB53-4548-A9A6-D2F6891E32F9}.Debug|Any CPU.Build.0 = Debug|Any CPU
		{77231A45-EB53-4548-A9A6-D2F6891E32F9}.Release|Any CPU.ActiveCfg = Release|Any CPU
		{77231A45-EB53-4548-A9A6-D2F6891E32F9}.Release|Any CPU.Build.0 = Release|Any CPU
		{63AF8BD1-95F4-4443-9C30-891E3DBEB7AE}.Debug|Any CPU.ActiveCfg = Debug|Any CPU
		{63AF8BD1-95F4-4443-9C30-891E3DBEB7AE}.Debug|Any CPU.Build.0 = Debug|Any CPU
		{63AF8BD1-95F4-4443-9C30-891E3DBEB7AE}.Release|Any CPU.ActiveCfg = Release|Any CPU
		{63AF8BD1-95F4-4443-9C30-891E3DBEB7AE}.Release|Any CPU.Build.0 = Release|Any CPU
		{C6DA4A1C-867A-4633-B15B-12A2EEE9F405}.Debug|Any CPU.ActiveCfg = Debug|Any CPU
		{C6DA4A1C-867A-4633-B15B-12A2EEE9F405}.Debug|Any CPU.Build.0 = Debug|Any CPU
		{C6DA4A1C-867A-4633-B15B-12A2EEE9F405}.Release|Any CPU.ActiveCfg = Release|Any CPU
		{C6DA4A1C-867A-4633-B15B-12A2EEE9F405}.Release|Any CPU.Build.0 = Release|Any CPU
		{B83414A2-F9E3-44CC-982F-5D830F54BED3}.Debug|Any CPU.ActiveCfg = Debug|Any CPU
		{B83414A2-F9E3-44CC-982F-5D830F54BED3}.Debug|Any CPU.Build.0 = Debug|Any CPU
		{B83414A2-F9E3-44CC-982F-5D830F54BED3}.Release|Any CPU.ActiveCfg = Release|Any CPU
		{B83414A2-F9E3-44CC-982F-5D830F54BED3}.Release|Any CPU.Build.0 = Release|Any CPU
	EndGlobalSection
	GlobalSection(SolutionProperties) = preSolution
		HideSolutionNode = FALSE
	EndGlobalSection
	GlobalSection(NestedProjects) = preSolution
		{EB56A378-89E5-4425-BFA6-6BA0F4A67432} = {DD6938E1-E98D-4BD4-9882-FE1CE79F7306}
		{85FBD882-AC9F-419F-95ED-42BBBC199CC2} = {DD6938E1-E98D-4BD4-9882-FE1CE79F7306}
	EndGlobalSection
	GlobalSection(ExtensibilityGlobals) = postSolution
		SolutionGuid = {3FC7FA59-E938-453C-8C4A-9D5635A9489A}
	EndGlobalSection
EndGlobal
