
Microsoft Visual Studio Solution File, Format Version 12.00
# Visual Studio Version 17
VisualStudioVersion = 17.0.31919.166
MinimumVisualStudioVersion = 10.0.40219.1
Project("{9A19103F-16F7-4668-BE54-9A1E7A4F7556}") = "Samples.Schemas.Chat", "samples\Samples.Schemas.Chat\Samples.Schemas.Chat.csproj", "{EB56A378-89E5-4425-BFA6-6BA0F4A67432}"
EndProject
Project("{2150E333-8FDC-42A3-9474-1A3956D46DE8}") = ".Solution Items", ".Solution Items", "{382C5C04-A34D-4C81-83D7-584C85FB9356}"
	ProjectSection(SolutionItems) = preProject
		.editorconfig = .editorconfig
		.gitattributes = .gitattributes
		.gitignore = .gitignore
		Directory.Build.props = Directory.Build.props
		Directory.Build.targets = Directory.Build.targets
		LICENSE.md = LICENSE.md
		README.md = README.md
		Tests.props = Tests.props
	EndProjectSection
EndProject
Project("{9A19103F-16F7-4668-BE54-9A1E7A4F7556}") = "Transports.AspNetCore", "src\Transports.AspNetCore\Transports.AspNetCore.csproj", "{77231A45-EB53-4548-A9A6-D2F6891E32F9}"
EndProject
Project("{9A19103F-16F7-4668-BE54-9A1E7A4F7556}") = "Ui.Playground", "src\Ui.Playground\Ui.Playground.csproj", "{C6DA4A1C-867A-4633-B15B-12A2EEE9F405}"
EndProject
Project("{9A19103F-16F7-4668-BE54-9A1E7A4F7556}") = "Ui.GraphiQL", "src\Ui.GraphiQL\Ui.GraphiQL.csproj", "{B83414A2-F9E3-44CC-982F-5D830F54BED3}"
EndProject
Project("{9A19103F-16F7-4668-BE54-9A1E7A4F7556}") = "Ui.Voyager", "src\Ui.Voyager\Ui.Voyager.csproj", "{B2C278E4-6A1A-4F83-AE53-C9469B4056EE}"
EndProject
Project("{2150E333-8FDC-42A3-9474-1A3956D46DE8}") = "UI", "UI", "{EFEC04E1-42DD-4689-B808-5C630A9AA59D}"
EndProject
Project("{2150E333-8FDC-42A3-9474-1A3956D46DE8}") = "Tests", "Tests", "{BBD07745-C962-4D2D-B302-6DA1BCC2FF43}"
EndProject
Project("{2150E333-8FDC-42A3-9474-1A3956D46DE8}") = "Samples", "Samples", "{5C07AFA3-12F2-40EA-807D-7A1EEF29012B}"
EndProject
Project("{9A19103F-16F7-4668-BE54-9A1E7A4F7556}") = "Ui.Altair", "src\Ui.Altair\Ui.Altair.csproj", "{008CFAAB-64B6-4948-99FA-E8735CA7E81A}"
EndProject
Project("{9A19103F-16F7-4668-BE54-9A1E7A4F7556}") = "Benchmarks", "src\Benchmarks\Benchmarks.csproj", "{C1FCE2C8-F6EF-48DA-ADD8-9159516D03DA}"
EndProject
Project("{2150E333-8FDC-42A3-9474-1A3956D46DE8}") = ".github", ".github", "{592C7A03-4F0C-40C2-86F9-C7A4E03504A7}"
	ProjectSection(SolutionItems) = preProject
		.github\codecov.yml = .github\codecov.yml
		.github\dependabot.yml = .github\dependabot.yml
		.github\labeler.yml = .github\labeler.yml
	EndProjectSection
EndProject
Project("{2150E333-8FDC-42A3-9474-1A3956D46DE8}") = "workflows", "workflows", "{17945A3F-4C80-43B3-BBD7-6FE0EA107799}"
	ProjectSection(SolutionItems) = preProject
		.github\workflows\build.yml = .github\workflows\build.yml
		.github\workflows\codeql-analysis.yml = .github\workflows\codeql-analysis.yml
		.github\workflows\formatting.yml = .github\workflows\formatting.yml
		.github\workflows\label.yml = .github\workflows\label.yml
		.github\workflows\publish.yml = .github\workflows\publish.yml
		.github\workflows\test.yml = .github\workflows\test.yml
		.github\workflows\wipcheck.yml = .github\workflows\wipcheck.yml
	EndProjectSection
EndProject
Project("{9A19103F-16F7-4668-BE54-9A1E7A4F7556}") = "ApiApprovalTests", "tests\ApiApprovalTests\ApiApprovalTests.csproj", "{9F1A96BC-FF87-427F-8284-5A0670CA596C}"
EndProject
Project("{9A19103F-16F7-4668-BE54-9A1E7A4F7556}") = "All", "src\All\All.csproj", "{B39BC064-B96A-442D-89A0-79B750F88ADD}"
EndProject
Project("{9A19103F-16F7-4668-BE54-9A1E7A4F7556}") = "Transports.AspNetCore.Tests", "tests\Transports.AspNetCore.Tests\Transports.AspNetCore.Tests.csproj", "{E6254F37-CE6A-4CF8-B38A-15317E7B70D9}"
EndProject
Project("{9A19103F-16F7-4668-BE54-9A1E7A4F7556}") = "Samples.Complex", "samples\Samples.Complex\Samples.Complex.csproj", "{40A3FB8C-D935-4A60-8B8C-74FA9B96FF45}"
EndProject
Project("{9A19103F-16F7-4668-BE54-9A1E7A4F7556}") = "Samples.Complex.Tests", "tests\Samples.Complex.Tests\Samples.Complex.Tests.csproj", "{262F0404-222A-41ED-BA25-3F99C6E1CA41}"
EndProject
Project("{9A19103F-16F7-4668-BE54-9A1E7A4F7556}") = "Samples.Authorization", "samples\Samples.Authorization\Samples.Authorization.csproj", "{FA089279-8467-49D7-B3A8-926F7CFD657E}"
EndProject
Project("{9A19103F-16F7-4668-BE54-9A1E7A4F7556}") = "Samples.Basic", "samples\Samples.Basic\Samples.Basic.csproj", "{71BA0139-63A7-4AC8-9622-D1F5B8D8E4F0}"
EndProject
Project("{9A19103F-16F7-4668-BE54-9A1E7A4F7556}") = "Samples.Controller", "samples\Samples.Controller\Samples.Controller.csproj", "{DABF5CFF-CA50-4A3B-8C6C-2C120ED2278D}"
EndProject
Project("{9A19103F-16F7-4668-BE54-9A1E7A4F7556}") = "Samples.Cors", "samples\Samples.Cors\Samples.Cors.csproj", "{192C187A-CFD7-4EA5-A5E1-97369FB2C629}"
EndProject
Project("{9A19103F-16F7-4668-BE54-9A1E7A4F7556}") = "Samples.EndpointRouting", "samples\Samples.EndpointRouting\Samples.EndpointRouting.csproj", "{433A0F44-D1A4-4AD9-8256-3CEAB71DD283}"
EndProject
Project("{9A19103F-16F7-4668-BE54-9A1E7A4F7556}") = "Samples.MultipleSchemas", "samples\Samples.MultipleSchemas\Samples.MultipleSchemas.csproj", "{A74E2FC4-BA3F-4DF6-A184-B8602F23380C}"
EndProject
Project("{9A19103F-16F7-4668-BE54-9A1E7A4F7556}") = "Samples.Net48", "samples\Samples.Net48\Samples.Net48.csproj", "{8BBA46D0-17B2-4058-BAF1-61D615CB6850}"
EndProject
Project("{9A19103F-16F7-4668-BE54-9A1E7A4F7556}") = "Samples.Pages", "samples\Samples.Pages\Samples.Pages.csproj", "{652F4F48-DA47-4BCD-9B97-82DC6052EDF7}"
EndProject
Project("{9A19103F-16F7-4668-BE54-9A1E7A4F7556}") = "Samples.Tests", "tests\Samples.Tests\Samples.Tests.csproj", "{C7CCC34D-431D-47B8-BE74-E5A17743FB13}"
EndProject
Project("{9A19103F-16F7-4668-BE54-9A1E7A4F7556}") = "Samples.Basic.Tests", "tests\Samples.Basic.Tests\Samples.Basic.Tests.csproj", "{66470119-4EA8-4364-A7D6-E91C716C07B3}"
EndProject
Project("{9A19103F-16F7-4668-BE54-9A1E7A4F7556}") = "Samples.Authorization.Tests", "tests\Samples.Authorization.Tests\Samples.Authorization.Tests.csproj", "{10A63816-420C-4BB6-894C-467F2890F9FA}"
EndProject
Project("{9A19103F-16F7-4668-BE54-9A1E7A4F7556}") = "Samples.Controller.Tests", "tests\Samples.Controller.Tests\Samples.Controller.Tests.csproj", "{2FE92914-578A-4A17-A9F7-673F7F09AC7A}"
EndProject
Project("{9A19103F-16F7-4668-BE54-9A1E7A4F7556}") = "Samples.Cors.Tests", "tests\Samples.Cors.Tests\Samples.Cors.Tests.csproj", "{40350571-449E-4E89-B601-B2DC14922DC8}"
EndProject
Project("{9A19103F-16F7-4668-BE54-9A1E7A4F7556}") = "Samples.EndpointRouting.Tests", "tests\Samples.EndpointRouting.Tests\Samples.EndpointRouting.Tests.csproj", "{524B6692-A31A-4D31-B832-8E38EA5D8DFD}"
EndProject
Project("{9A19103F-16F7-4668-BE54-9A1E7A4F7556}") = "Samples.MultipleSchemas.Tests", "tests\Samples.MultipleSchemas.Tests\Samples.MultipleSchemas.Tests.csproj", "{15043767-3620-4505-9DA9-78E3E5C05E18}"
EndProject
Project("{9A19103F-16F7-4668-BE54-9A1E7A4F7556}") = "Samples.Net48.Tests", "tests\Samples.Net48.Tests\Samples.Net48.Tests.csproj", "{08E0FF4C-9131-4523-A6EF-4C1FCE7EFA05}"
EndProject
Project("{9A19103F-16F7-4668-BE54-9A1E7A4F7556}") = "Samples.Pages.Tests", "tests\Samples.Pages.Tests\Samples.Pages.Tests.csproj", "{BF4ED814-A21D-45F5-8F71-54148751AE81}"
EndProject
Project("{9A19103F-16F7-4668-BE54-9A1E7A4F7556}") = "Authorization.AspNetCore", "src\Authorization.AspNetCore\Authorization.AspNetCore.csproj", "{A4875E2D-62AF-4D86-9D8A-19A310365FE8}"
EndProject
Project("{9A19103F-16F7-4668-BE54-9A1E7A4F7556}") = "Authorization.AspNetCore.Tests", "tests\Authorization.AspNetCore.Tests\Authorization.AspNetCore.Tests.csproj", "{9AEB9941-618B-430A-A14C-37F39AFFC0C4}"
EndProject
Project("{2150E333-8FDC-42A3-9474-1A3956D46DE8}") = "Documentation", "Documentation", "{AB155A1E-CB5E-465E-BC29-A1A4A5D9D2B0}"
EndProject
Project("{2150E333-8FDC-42A3-9474-1A3956D46DE8}") = "Migration", "Migration", "{FF0810A0-3372-40ED-B3E3-D703BEF0F118}"
	ProjectSection(SolutionItems) = preProject
		docs\migration\migration7.md = docs\migration\migration7.md
	EndProjectSection
EndProject
Global
	GlobalSection(SolutionConfigurationPlatforms) = preSolution
		Debug|Any CPU = Debug|Any CPU
		Release|Any CPU = Release|Any CPU
	EndGlobalSection
	GlobalSection(ProjectConfigurationPlatforms) = postSolution
		{EB56A378-89E5-4425-BFA6-6BA0F4A67432}.Debug|Any CPU.ActiveCfg = Debug|Any CPU
		{EB56A378-89E5-4425-BFA6-6BA0F4A67432}.Debug|Any CPU.Build.0 = Debug|Any CPU
		{EB56A378-89E5-4425-BFA6-6BA0F4A67432}.Release|Any CPU.ActiveCfg = Release|Any CPU
		{EB56A378-89E5-4425-BFA6-6BA0F4A67432}.Release|Any CPU.Build.0 = Release|Any CPU
		{77231A45-EB53-4548-A9A6-D2F6891E32F9}.Debug|Any CPU.ActiveCfg = Debug|Any CPU
		{77231A45-EB53-4548-A9A6-D2F6891E32F9}.Debug|Any CPU.Build.0 = Debug|Any CPU
		{77231A45-EB53-4548-A9A6-D2F6891E32F9}.Release|Any CPU.ActiveCfg = Release|Any CPU
		{77231A45-EB53-4548-A9A6-D2F6891E32F9}.Release|Any CPU.Build.0 = Release|Any CPU
		{C6DA4A1C-867A-4633-B15B-12A2EEE9F405}.Debug|Any CPU.ActiveCfg = Debug|Any CPU
		{C6DA4A1C-867A-4633-B15B-12A2EEE9F405}.Debug|Any CPU.Build.0 = Debug|Any CPU
		{C6DA4A1C-867A-4633-B15B-12A2EEE9F405}.Release|Any CPU.ActiveCfg = Release|Any CPU
		{C6DA4A1C-867A-4633-B15B-12A2EEE9F405}.Release|Any CPU.Build.0 = Release|Any CPU
		{B83414A2-F9E3-44CC-982F-5D830F54BED3}.Debug|Any CPU.ActiveCfg = Debug|Any CPU
		{B83414A2-F9E3-44CC-982F-5D830F54BED3}.Debug|Any CPU.Build.0 = Debug|Any CPU
		{B83414A2-F9E3-44CC-982F-5D830F54BED3}.Release|Any CPU.ActiveCfg = Release|Any CPU
		{B83414A2-F9E3-44CC-982F-5D830F54BED3}.Release|Any CPU.Build.0 = Release|Any CPU
		{B2C278E4-6A1A-4F83-AE53-C9469B4056EE}.Debug|Any CPU.ActiveCfg = Debug|Any CPU
		{B2C278E4-6A1A-4F83-AE53-C9469B4056EE}.Debug|Any CPU.Build.0 = Debug|Any CPU
		{B2C278E4-6A1A-4F83-AE53-C9469B4056EE}.Release|Any CPU.ActiveCfg = Release|Any CPU
		{B2C278E4-6A1A-4F83-AE53-C9469B4056EE}.Release|Any CPU.Build.0 = Release|Any CPU
		{008CFAAB-64B6-4948-99FA-E8735CA7E81A}.Debug|Any CPU.ActiveCfg = Debug|Any CPU
		{008CFAAB-64B6-4948-99FA-E8735CA7E81A}.Debug|Any CPU.Build.0 = Debug|Any CPU
		{008CFAAB-64B6-4948-99FA-E8735CA7E81A}.Release|Any CPU.ActiveCfg = Release|Any CPU
		{008CFAAB-64B6-4948-99FA-E8735CA7E81A}.Release|Any CPU.Build.0 = Release|Any CPU
		{C1FCE2C8-F6EF-48DA-ADD8-9159516D03DA}.Debug|Any CPU.ActiveCfg = Debug|Any CPU
		{C1FCE2C8-F6EF-48DA-ADD8-9159516D03DA}.Debug|Any CPU.Build.0 = Debug|Any CPU
		{C1FCE2C8-F6EF-48DA-ADD8-9159516D03DA}.Release|Any CPU.ActiveCfg = Release|Any CPU
		{C1FCE2C8-F6EF-48DA-ADD8-9159516D03DA}.Release|Any CPU.Build.0 = Release|Any CPU
		{9F1A96BC-FF87-427F-8284-5A0670CA596C}.Debug|Any CPU.ActiveCfg = Debug|Any CPU
		{9F1A96BC-FF87-427F-8284-5A0670CA596C}.Debug|Any CPU.Build.0 = Debug|Any CPU
		{9F1A96BC-FF87-427F-8284-5A0670CA596C}.Release|Any CPU.ActiveCfg = Release|Any CPU
		{9F1A96BC-FF87-427F-8284-5A0670CA596C}.Release|Any CPU.Build.0 = Release|Any CPU
		{B39BC064-B96A-442D-89A0-79B750F88ADD}.Debug|Any CPU.ActiveCfg = Debug|Any CPU
		{B39BC064-B96A-442D-89A0-79B750F88ADD}.Debug|Any CPU.Build.0 = Debug|Any CPU
		{B39BC064-B96A-442D-89A0-79B750F88ADD}.Release|Any CPU.ActiveCfg = Release|Any CPU
		{B39BC064-B96A-442D-89A0-79B750F88ADD}.Release|Any CPU.Build.0 = Release|Any CPU
		{E6254F37-CE6A-4CF8-B38A-15317E7B70D9}.Debug|Any CPU.ActiveCfg = Debug|Any CPU
		{E6254F37-CE6A-4CF8-B38A-15317E7B70D9}.Debug|Any CPU.Build.0 = Debug|Any CPU
		{E6254F37-CE6A-4CF8-B38A-15317E7B70D9}.Release|Any CPU.ActiveCfg = Release|Any CPU
		{E6254F37-CE6A-4CF8-B38A-15317E7B70D9}.Release|Any CPU.Build.0 = Release|Any CPU
		{40A3FB8C-D935-4A60-8B8C-74FA9B96FF45}.Debug|Any CPU.ActiveCfg = Debug|Any CPU
		{40A3FB8C-D935-4A60-8B8C-74FA9B96FF45}.Debug|Any CPU.Build.0 = Debug|Any CPU
		{40A3FB8C-D935-4A60-8B8C-74FA9B96FF45}.Release|Any CPU.ActiveCfg = Release|Any CPU
		{40A3FB8C-D935-4A60-8B8C-74FA9B96FF45}.Release|Any CPU.Build.0 = Release|Any CPU
		{262F0404-222A-41ED-BA25-3F99C6E1CA41}.Debug|Any CPU.ActiveCfg = Debug|Any CPU
		{262F0404-222A-41ED-BA25-3F99C6E1CA41}.Debug|Any CPU.Build.0 = Debug|Any CPU
		{262F0404-222A-41ED-BA25-3F99C6E1CA41}.Release|Any CPU.ActiveCfg = Release|Any CPU
		{262F0404-222A-41ED-BA25-3F99C6E1CA41}.Release|Any CPU.Build.0 = Release|Any CPU
		{FA089279-8467-49D7-B3A8-926F7CFD657E}.Debug|Any CPU.ActiveCfg = Debug|Any CPU
		{FA089279-8467-49D7-B3A8-926F7CFD657E}.Debug|Any CPU.Build.0 = Debug|Any CPU
		{FA089279-8467-49D7-B3A8-926F7CFD657E}.Release|Any CPU.ActiveCfg = Release|Any CPU
		{FA089279-8467-49D7-B3A8-926F7CFD657E}.Release|Any CPU.Build.0 = Release|Any CPU
		{71BA0139-63A7-4AC8-9622-D1F5B8D8E4F0}.Debug|Any CPU.ActiveCfg = Debug|Any CPU
		{71BA0139-63A7-4AC8-9622-D1F5B8D8E4F0}.Debug|Any CPU.Build.0 = Debug|Any CPU
		{71BA0139-63A7-4AC8-9622-D1F5B8D8E4F0}.Release|Any CPU.ActiveCfg = Release|Any CPU
		{71BA0139-63A7-4AC8-9622-D1F5B8D8E4F0}.Release|Any CPU.Build.0 = Release|Any CPU
		{DABF5CFF-CA50-4A3B-8C6C-2C120ED2278D}.Debug|Any CPU.ActiveCfg = Debug|Any CPU
		{DABF5CFF-CA50-4A3B-8C6C-2C120ED2278D}.Debug|Any CPU.Build.0 = Debug|Any CPU
		{DABF5CFF-CA50-4A3B-8C6C-2C120ED2278D}.Release|Any CPU.ActiveCfg = Release|Any CPU
		{DABF5CFF-CA50-4A3B-8C6C-2C120ED2278D}.Release|Any CPU.Build.0 = Release|Any CPU
		{192C187A-CFD7-4EA5-A5E1-97369FB2C629}.Debug|Any CPU.ActiveCfg = Debug|Any CPU
		{192C187A-CFD7-4EA5-A5E1-97369FB2C629}.Debug|Any CPU.Build.0 = Debug|Any CPU
		{192C187A-CFD7-4EA5-A5E1-97369FB2C629}.Release|Any CPU.ActiveCfg = Release|Any CPU
		{192C187A-CFD7-4EA5-A5E1-97369FB2C629}.Release|Any CPU.Build.0 = Release|Any CPU
		{433A0F44-D1A4-4AD9-8256-3CEAB71DD283}.Debug|Any CPU.ActiveCfg = Debug|Any CPU
		{433A0F44-D1A4-4AD9-8256-3CEAB71DD283}.Debug|Any CPU.Build.0 = Debug|Any CPU
		{433A0F44-D1A4-4AD9-8256-3CEAB71DD283}.Release|Any CPU.ActiveCfg = Release|Any CPU
		{433A0F44-D1A4-4AD9-8256-3CEAB71DD283}.Release|Any CPU.Build.0 = Release|Any CPU
		{A74E2FC4-BA3F-4DF6-A184-B8602F23380C}.Debug|Any CPU.ActiveCfg = Debug|Any CPU
		{A74E2FC4-BA3F-4DF6-A184-B8602F23380C}.Debug|Any CPU.Build.0 = Debug|Any CPU
		{A74E2FC4-BA3F-4DF6-A184-B8602F23380C}.Release|Any CPU.ActiveCfg = Release|Any CPU
		{A74E2FC4-BA3F-4DF6-A184-B8602F23380C}.Release|Any CPU.Build.0 = Release|Any CPU
		{8BBA46D0-17B2-4058-BAF1-61D615CB6850}.Debug|Any CPU.ActiveCfg = Debug|Any CPU
		{8BBA46D0-17B2-4058-BAF1-61D615CB6850}.Debug|Any CPU.Build.0 = Debug|Any CPU
		{8BBA46D0-17B2-4058-BAF1-61D615CB6850}.Release|Any CPU.ActiveCfg = Release|Any CPU
		{8BBA46D0-17B2-4058-BAF1-61D615CB6850}.Release|Any CPU.Build.0 = Release|Any CPU
		{652F4F48-DA47-4BCD-9B97-82DC6052EDF7}.Debug|Any CPU.ActiveCfg = Debug|Any CPU
		{652F4F48-DA47-4BCD-9B97-82DC6052EDF7}.Debug|Any CPU.Build.0 = Debug|Any CPU
		{652F4F48-DA47-4BCD-9B97-82DC6052EDF7}.Release|Any CPU.ActiveCfg = Release|Any CPU
		{652F4F48-DA47-4BCD-9B97-82DC6052EDF7}.Release|Any CPU.Build.0 = Release|Any CPU
		{C7CCC34D-431D-47B8-BE74-E5A17743FB13}.Debug|Any CPU.ActiveCfg = Debug|Any CPU
		{C7CCC34D-431D-47B8-BE74-E5A17743FB13}.Debug|Any CPU.Build.0 = Debug|Any CPU
		{C7CCC34D-431D-47B8-BE74-E5A17743FB13}.Release|Any CPU.ActiveCfg = Release|Any CPU
		{C7CCC34D-431D-47B8-BE74-E5A17743FB13}.Release|Any CPU.Build.0 = Release|Any CPU
		{66470119-4EA8-4364-A7D6-E91C716C07B3}.Debug|Any CPU.ActiveCfg = Debug|Any CPU
		{66470119-4EA8-4364-A7D6-E91C716C07B3}.Debug|Any CPU.Build.0 = Debug|Any CPU
		{66470119-4EA8-4364-A7D6-E91C716C07B3}.Release|Any CPU.ActiveCfg = Release|Any CPU
		{66470119-4EA8-4364-A7D6-E91C716C07B3}.Release|Any CPU.Build.0 = Release|Any CPU
		{10A63816-420C-4BB6-894C-467F2890F9FA}.Debug|Any CPU.ActiveCfg = Debug|Any CPU
		{10A63816-420C-4BB6-894C-467F2890F9FA}.Debug|Any CPU.Build.0 = Debug|Any CPU
		{10A63816-420C-4BB6-894C-467F2890F9FA}.Release|Any CPU.ActiveCfg = Release|Any CPU
		{10A63816-420C-4BB6-894C-467F2890F9FA}.Release|Any CPU.Build.0 = Release|Any CPU
		{2FE92914-578A-4A17-A9F7-673F7F09AC7A}.Debug|Any CPU.ActiveCfg = Debug|Any CPU
		{2FE92914-578A-4A17-A9F7-673F7F09AC7A}.Debug|Any CPU.Build.0 = Debug|Any CPU
		{2FE92914-578A-4A17-A9F7-673F7F09AC7A}.Release|Any CPU.ActiveCfg = Release|Any CPU
		{2FE92914-578A-4A17-A9F7-673F7F09AC7A}.Release|Any CPU.Build.0 = Release|Any CPU
		{40350571-449E-4E89-B601-B2DC14922DC8}.Debug|Any CPU.ActiveCfg = Debug|Any CPU
		{40350571-449E-4E89-B601-B2DC14922DC8}.Debug|Any CPU.Build.0 = Debug|Any CPU
		{40350571-449E-4E89-B601-B2DC14922DC8}.Release|Any CPU.ActiveCfg = Release|Any CPU
		{40350571-449E-4E89-B601-B2DC14922DC8}.Release|Any CPU.Build.0 = Release|Any CPU
		{524B6692-A31A-4D31-B832-8E38EA5D8DFD}.Debug|Any CPU.ActiveCfg = Debug|Any CPU
		{524B6692-A31A-4D31-B832-8E38EA5D8DFD}.Debug|Any CPU.Build.0 = Debug|Any CPU
		{524B6692-A31A-4D31-B832-8E38EA5D8DFD}.Release|Any CPU.ActiveCfg = Release|Any CPU
		{524B6692-A31A-4D31-B832-8E38EA5D8DFD}.Release|Any CPU.Build.0 = Release|Any CPU
		{15043767-3620-4505-9DA9-78E3E5C05E18}.Debug|Any CPU.ActiveCfg = Debug|Any CPU
		{15043767-3620-4505-9DA9-78E3E5C05E18}.Debug|Any CPU.Build.0 = Debug|Any CPU
		{15043767-3620-4505-9DA9-78E3E5C05E18}.Release|Any CPU.ActiveCfg = Release|Any CPU
		{15043767-3620-4505-9DA9-78E3E5C05E18}.Release|Any CPU.Build.0 = Release|Any CPU
		{08E0FF4C-9131-4523-A6EF-4C1FCE7EFA05}.Debug|Any CPU.ActiveCfg = Debug|Any CPU
		{08E0FF4C-9131-4523-A6EF-4C1FCE7EFA05}.Debug|Any CPU.Build.0 = Debug|Any CPU
		{08E0FF4C-9131-4523-A6EF-4C1FCE7EFA05}.Release|Any CPU.ActiveCfg = Release|Any CPU
		{08E0FF4C-9131-4523-A6EF-4C1FCE7EFA05}.Release|Any CPU.Build.0 = Release|Any CPU
		{BF4ED814-A21D-45F5-8F71-54148751AE81}.Debug|Any CPU.ActiveCfg = Debug|Any CPU
		{BF4ED814-A21D-45F5-8F71-54148751AE81}.Debug|Any CPU.Build.0 = Debug|Any CPU
		{BF4ED814-A21D-45F5-8F71-54148751AE81}.Release|Any CPU.ActiveCfg = Release|Any CPU
		{BF4ED814-A21D-45F5-8F71-54148751AE81}.Release|Any CPU.Build.0 = Release|Any CPU
		{A4875E2D-62AF-4D86-9D8A-19A310365FE8}.Debug|Any CPU.ActiveCfg = Debug|Any CPU
		{A4875E2D-62AF-4D86-9D8A-19A310365FE8}.Debug|Any CPU.Build.0 = Debug|Any CPU
		{A4875E2D-62AF-4D86-9D8A-19A310365FE8}.Release|Any CPU.ActiveCfg = Release|Any CPU
		{A4875E2D-62AF-4D86-9D8A-19A310365FE8}.Release|Any CPU.Build.0 = Release|Any CPU
		{9AEB9941-618B-430A-A14C-37F39AFFC0C4}.Debug|Any CPU.ActiveCfg = Debug|Any CPU
		{9AEB9941-618B-430A-A14C-37F39AFFC0C4}.Debug|Any CPU.Build.0 = Debug|Any CPU
		{9AEB9941-618B-430A-A14C-37F39AFFC0C4}.Release|Any CPU.ActiveCfg = Release|Any CPU
		{9AEB9941-618B-430A-A14C-37F39AFFC0C4}.Release|Any CPU.Build.0 = Release|Any CPU
	EndGlobalSection
	GlobalSection(SolutionProperties) = preSolution
		HideSolutionNode = FALSE
	EndGlobalSection
	GlobalSection(NestedProjects) = preSolution
		{EB56A378-89E5-4425-BFA6-6BA0F4A67432} = {5C07AFA3-12F2-40EA-807D-7A1EEF29012B}
		{C6DA4A1C-867A-4633-B15B-12A2EEE9F405} = {EFEC04E1-42DD-4689-B808-5C630A9AA59D}
		{B83414A2-F9E3-44CC-982F-5D830F54BED3} = {EFEC04E1-42DD-4689-B808-5C630A9AA59D}
		{B2C278E4-6A1A-4F83-AE53-C9469B4056EE} = {EFEC04E1-42DD-4689-B808-5C630A9AA59D}
		{008CFAAB-64B6-4948-99FA-E8735CA7E81A} = {EFEC04E1-42DD-4689-B808-5C630A9AA59D}
		{C1FCE2C8-F6EF-48DA-ADD8-9159516D03DA} = {BBD07745-C962-4D2D-B302-6DA1BCC2FF43}
		{17945A3F-4C80-43B3-BBD7-6FE0EA107799} = {592C7A03-4F0C-40C2-86F9-C7A4E03504A7}
		{9F1A96BC-FF87-427F-8284-5A0670CA596C} = {BBD07745-C962-4D2D-B302-6DA1BCC2FF43}
		{E6254F37-CE6A-4CF8-B38A-15317E7B70D9} = {BBD07745-C962-4D2D-B302-6DA1BCC2FF43}
		{40A3FB8C-D935-4A60-8B8C-74FA9B96FF45} = {5C07AFA3-12F2-40EA-807D-7A1EEF29012B}
		{262F0404-222A-41ED-BA25-3F99C6E1CA41} = {BBD07745-C962-4D2D-B302-6DA1BCC2FF43}
		{FA089279-8467-49D7-B3A8-926F7CFD657E} = {5C07AFA3-12F2-40EA-807D-7A1EEF29012B}
		{71BA0139-63A7-4AC8-9622-D1F5B8D8E4F0} = {5C07AFA3-12F2-40EA-807D-7A1EEF29012B}
		{DABF5CFF-CA50-4A3B-8C6C-2C120ED2278D} = {5C07AFA3-12F2-40EA-807D-7A1EEF29012B}
		{192C187A-CFD7-4EA5-A5E1-97369FB2C629} = {5C07AFA3-12F2-40EA-807D-7A1EEF29012B}
		{433A0F44-D1A4-4AD9-8256-3CEAB71DD283} = {5C07AFA3-12F2-40EA-807D-7A1EEF29012B}
		{A74E2FC4-BA3F-4DF6-A184-B8602F23380C} = {5C07AFA3-12F2-40EA-807D-7A1EEF29012B}
		{8BBA46D0-17B2-4058-BAF1-61D615CB6850} = {5C07AFA3-12F2-40EA-807D-7A1EEF29012B}
		{652F4F48-DA47-4BCD-9B97-82DC6052EDF7} = {5C07AFA3-12F2-40EA-807D-7A1EEF29012B}
		{C7CCC34D-431D-47B8-BE74-E5A17743FB13} = {BBD07745-C962-4D2D-B302-6DA1BCC2FF43}
		{66470119-4EA8-4364-A7D6-E91C716C07B3} = {BBD07745-C962-4D2D-B302-6DA1BCC2FF43}
		{10A63816-420C-4BB6-894C-467F2890F9FA} = {BBD07745-C962-4D2D-B302-6DA1BCC2FF43}
		{2FE92914-578A-4A17-A9F7-673F7F09AC7A} = {BBD07745-C962-4D2D-B302-6DA1BCC2FF43}
		{40350571-449E-4E89-B601-B2DC14922DC8} = {BBD07745-C962-4D2D-B302-6DA1BCC2FF43}
		{524B6692-A31A-4D31-B832-8E38EA5D8DFD} = {BBD07745-C962-4D2D-B302-6DA1BCC2FF43}
		{15043767-3620-4505-9DA9-78E3E5C05E18} = {BBD07745-C962-4D2D-B302-6DA1BCC2FF43}
		{08E0FF4C-9131-4523-A6EF-4C1FCE7EFA05} = {BBD07745-C962-4D2D-B302-6DA1BCC2FF43}
		{BF4ED814-A21D-45F5-8F71-54148751AE81} = {BBD07745-C962-4D2D-B302-6DA1BCC2FF43}
		{9AEB9941-618B-430A-A14C-37F39AFFC0C4} = {BBD07745-C962-4D2D-B302-6DA1BCC2FF43}
		{FF0810A0-3372-40ED-B3E3-D703BEF0F118} = {AB155A1E-CB5E-465E-BC29-A1A4A5D9D2B0}
	EndGlobalSection
	GlobalSection(ExtensibilityGlobals) = postSolution
		SolutionGuid = {3FC7FA59-E938-453C-8C4A-9D5635A9489A}
	EndGlobalSection
EndGlobal
