{
  "name": "samples.server",
  "version": "1.0.0",
  "lockfileVersion": 1,
  "requires": true,
  "dependencies": {
    "codemirror": {
      "version": "5.29.0",
      "resolved": "https://registry.npmjs.org/codemirror/-/codemirror-5.29.0.tgz",
      "integrity": "sha512-nlG9m0YQ0gFhdEdnKDG+XJRB/bW+K6M9Axs01+LScjVamWtd4dEwgyohf/r4voW1efnGi6U6hHHvDQ9tt9BtoA=="
    },
    "codemirror-graphql": {
      "version": "0.6.11",
      "resolved": "https://registry.npmjs.org/codemirror-graphql/-/codemirror-graphql-0.6.11.tgz",
      "integrity": "sha512-wh9lS3FvcKU1NvvE1pAOnsEfgzhSxe0EqxkL1qjbDC/chqPgfEyQB8WmQWnvglmmsUQHTcARY9jfYr6uZYQTVg==",
      "requires": {
        "graphql-language-service-interface": "0.0.19",
        "graphql-language-service-parser": "0.0.15"
      }
    },
    "graphiql": {
      "version": "0.11.3",
      "resolved": "https://registry.npmjs.org/graphiql/-/graphiql-0.11.3.tgz",
      "integrity": "sha512-yxfdWK5iFEJLfc0xcTrQmRKYbYQpK3i270e0V961OuP45OOhNG4DQrrT9KZGdGUjv9DhzAmAIqUPmVGjYrh7Gg==",
      "requires": {
        "codemirror": "5.29.0",
        "codemirror-graphql": "0.6.11",
        "marked": "0.3.6"
      }
    },
    "graphql": {
      "version": "0.10.5",
      "resolved": "https://registry.npmjs.org/graphql/-/graphql-0.10.5.tgz",
      "integrity": "sha512-Q7cx22DiLhwHsEfUnUip1Ww/Vfx7FS0w6+iHItNuN61+XpegHSa3k5U0+6M5BcpavQImBwFiy0z3uYwY7cXMLQ==",
      "requires": {
        "iterall": "1.1.1"
      }
    },
    "graphql-language-service-config": {
      "version": "0.0.17",
      "resolved": "https://registry.npmjs.org/graphql-language-service-config/-/graphql-language-service-config-0.0.17.tgz",
      "integrity": "sha512-TCR3AklPuTfG+tM92XvAx1aiWwa/SuTaQaouMmTV8eoVCBhm98XzoVP626QzQpJ/VnE1+83l9Ljv6PieWgdVDQ==",
      "requires": {
        "graphql-language-service-types": "0.0.21"
      }
    },
    "graphql-language-service-interface": {
      "version": "0.0.19",
      "resolved": "https://registry.npmjs.org/graphql-language-service-interface/-/graphql-language-service-interface-0.0.19.tgz",
      "integrity": "sha512-mlZZJeCjv1Gc6cpJHuKOkXY+pne7KlfOo9Lzv9hAW9//zkzKCl9iuv71JnGN/su87z0VqjIUc0Eng4gyd7i1/Q==",
      "requires": {
        "graphql": "0.10.5",
        "graphql-language-service-config": "0.0.17",
        "graphql-language-service-parser": "0.0.15",
        "graphql-language-service-types": "0.0.21",
        "graphql-language-service-utils": "0.0.17"
      }
    },
    "graphql-language-service-parser": {
      "version": "0.0.15",
      "resolved": "https://registry.npmjs.org/graphql-language-service-parser/-/graphql-language-service-parser-0.0.15.tgz",
      "integrity": "sha512-D/aWjI8EWQvlpdxN4SuU9Pa6MLq05Kne+nz9UtSFM/H30eNy8vy6HWqQik2qRcxscFJYW6adNvh/i6q23y8hFg==",
      "requires": {
        "graphql-language-service-types": "0.0.21"
      }
    },
    "graphql-language-service-types": {
      "version": "0.0.21",
      "resolved": "https://registry.npmjs.org/graphql-language-service-types/-/graphql-language-service-types-0.0.21.tgz",
      "integrity": "sha512-/fSs1JmGEee8IPd7a7FJRmzK1o0W35nJZO0aJSGk2mq7QCvyKqNC8rgKG5YozAEj4ZY2psKUIxIpm6ssCTuUbw==",
      "requires": {
        "graphql": "0.10.5"
      }
    },
    "graphql-language-service-utils": {
      "version": "0.0.17",
      "resolved": "https://registry.npmjs.org/graphql-language-service-utils/-/graphql-language-service-utils-0.0.17.tgz",
      "integrity": "sha512-rL5qQ7Qw55BUHq2CEZEpOarb70eiPPCVNkJbPgUwYsS3FVlONf46+DlKhY7d6OKqNIgelPFZfr5cusuockANTg==",
      "requires": {
        "graphql": "0.10.5",
        "graphql-language-service-types": "0.0.21"
      }
    },
    "iterall": {
      "version": "1.1.1",
      "resolved": "https://registry.npmjs.org/iterall/-/iterall-1.1.1.tgz",
      "integrity": "sha1-9/CvEemgTsZCYmD1AZ2fzKTVAhQ="
    },
    "marked": {
      "version": "0.3.6",
      "resolved": "https://registry.npmjs.org/marked/-/marked-0.3.6.tgz",
      "integrity": "sha1-ssbGGPzOzk74bE/Gy4p8v1rtqNc="
    }
  }
}
