
Microsoft Visual Studio Solution File, Format Version 12.00
# Visual Studio Version 16
VisualStudioVersion = 16.0.28803.156
MinimumVisualStudioVersion = 10.0.40219.1
Project("{9A19103F-16F7-4668-BE54-9A1E7A4F7556}") = "Demo.Azure.Functions.GraphQL", "Demo.Azure.Functions.GraphQL\Demo.Azure.Functions.GraphQL.csproj", "{960BB554-2683-4773-B86A-708C6173968D}"
EndProject
Global
	GlobalSection(SolutionConfigurationPlatforms) = preSolution
		Debug|Any CPU = Debug|Any CPU
		Release|Any CPU = Release|Any CPU
	EndGlobalSection
	GlobalSection(ProjectConfigurationPlatforms) = postSolution
		{960BB554-2683-4773-B86A-708C6173968D}.Debug|Any CPU.ActiveCfg = Debug|Any CPU
		{960BB554-2683-4773-B86A-708C6173968D}.Debug|Any CPU.Build.0 = Debug|Any CPU
		{960BB554-2683-4773-B86A-708C6173968D}.Release|Any CPU.ActiveCfg = Release|Any CPU
		{960BB554-2683-4773-B86A-708C6173968D}.Release|Any CPU.Build.0 = Release|Any CPU
	EndGlobalSection
	GlobalSection(SolutionProperties) = preSolution
		HideSolutionNode = FALSE
	EndGlobalSection
	GlobalSection(ExtensibilityGlobals) = postSolution
		SolutionGuid = {3CA974E1-8EA8-4FC8-B24E-CE917D0CA9EE}
	EndGlobalSection
EndGlobal
